
Microsoft Visual Studio Solution File, Format Version 12.00
# Visual Studio Version 17
VisualStudioVersion = 17.0.32112.339
MinimumVisualStudioVersion = 10.0.40219.1
Project("{9A19103F-16F7-4668-BE54-9A1E7A4F7556}") = "Skill8", "Skill8\Skill8.csproj", "{EA50CFA6-E5A5-41A6-8474-377801CFF041}"
EndProject
Project("{9A19103F-16F7-4668-BE54-9A1E7A4F7556}") = "Skill8_2", "Skill8_2\Skill8_2.csproj", "{28166A7A-BF03-4E27-9906-366D1360FAE4}"
EndProject
Project("{9A19103F-16F7-4668-BE54-9A1E7A4F7556}") = "Skill8_3", "Skill8_3\Skill8_3.csproj", "{ACE9A7F3-C508-4DED-ABC0-382E974B8E72}"
EndProject
Project("{FAE04EC0-301F-11D3-BF4B-00C04F79EFBC}") = "Skill8_4", "Skill8_4\Skill8_4.csproj", "{2874619E-41F0-4D2C-B68D-6B2B92D20483}"
EndProject
Global
	GlobalSection(SolutionConfigurationPlatforms) = preSolution
		Debug|Any CPU = Debug|Any CPU
		Release|Any CPU = Release|Any CPU
	EndGlobalSection
	GlobalSection(ProjectConfigurationPlatforms) = postSolution
		{EA50CFA6-E5A5-41A6-8474-377801CFF041}.Debug|Any CPU.ActiveCfg = Debug|Any CPU
		{EA50CFA6-E5A5-41A6-8474-377801CFF041}.Debug|Any CPU.Build.0 = Debug|Any CPU
		{EA50CFA6-E5A5-41A6-8474-377801CFF041}.Release|Any CPU.ActiveCfg = Release|Any CPU
		{EA50CFA6-E5A5-41A6-8474-377801CFF041}.Release|Any CPU.Build.0 = Release|Any CPU
		{28166A7A-BF03-4E27-9906-366D1360FAE4}.Debug|Any CPU.ActiveCfg = Debug|Any CPU
		{28166A7A-BF03-4E27-9906-366D1360FAE4}.Debug|Any CPU.Build.0 = Debug|Any CPU
		{28166A7A-BF03-4E27-9906-366D1360FAE4}.Release|Any CPU.ActiveCfg = Release|Any CPU
		{28166A7A-BF03-4E27-9906-366D1360FAE4}.Release|Any CPU.Build.0 = Release|Any CPU
		{ACE9A7F3-C508-4DED-ABC0-382E974B8E72}.Debug|Any CPU.ActiveCfg = Debug|Any CPU
		{ACE9A7F3-C508-4DED-ABC0-382E974B8E72}.Debug|Any CPU.Build.0 = Debug|Any CPU
		{ACE9A7F3-C508-4DED-ABC0-382E974B8E72}.Release|Any CPU.ActiveCfg = Release|Any CPU
		{ACE9A7F3-C508-4DED-ABC0-382E974B8E72}.Release|Any CPU.Build.0 = Release|Any CPU
		{2874619E-41F0-4D2C-B68D-6B2B92D20483}.Debug|Any CPU.ActiveCfg = Debug|Any CPU
		{2874619E-41F0-4D2C-B68D-6B2B92D20483}.Debug|Any CPU.Build.0 = Debug|Any CPU
		{2874619E-41F0-4D2C-B68D-6B2B92D20483}.Release|Any CPU.ActiveCfg = Release|Any CPU
		{2874619E-41F0-4D2C-B68D-6B2B92D20483}.Release|Any CPU.Build.0 = Release|Any CPU
	EndGlobalSection
	GlobalSection(SolutionProperties) = preSolution
		HideSolutionNode = FALSE
	EndGlobalSection
	GlobalSection(ExtensibilityGlobals) = postSolution
		SolutionGuid = {8C3265F2-CF97-48A2-AF68-3700D23FA334}
	EndGlobalSection
EndGlobal
