
Microsoft Visual Studio Solution File, Format Version 12.00
# Visual Studio Version 17
VisualStudioVersion = 17.0.32112.339
MinimumVisualStudioVersion = 10.0.40219.1
Project("{FAE04EC0-301F-11D3-BF4B-00C04F79EFBC}") = "Skill_12", "Skill_12\Skill_12.csproj", "{35880151-6678-480D-96BE-8ECB1193D952}"
EndProject
Global
	GlobalSection(SolutionConfigurationPlatforms) = preSolution
		Debug|Any CPU = Debug|Any CPU
		Release|Any CPU = Release|Any CPU
	EndGlobalSection
	GlobalSection(ProjectConfigurationPlatforms) = postSolution
		{35880151-6678-480D-96BE-8ECB1193D952}.Debug|Any CPU.ActiveCfg = Debug|Any CPU
		{35880151-6678-480D-96BE-8ECB1193D952}.Debug|Any CPU.Build.0 = Debug|Any CPU
		{35880151-6678-480D-96BE-8ECB1193D952}.Release|Any CPU.ActiveCfg = Release|Any CPU
		{35880151-6678-480D-96BE-8ECB1193D952}.Release|Any CPU.Build.0 = Release|Any CPU
	EndGlobalSection
	GlobalSection(SolutionProperties) = preSolution
		HideSolutionNode = FALSE
	EndGlobalSection
	GlobalSection(ExtensibilityGlobals) = postSolution
		SolutionGuid = {FFBC3B39-3677-4EF3-A23D-5814EA7DF3B2}
	EndGlobalSection
EndGlobal
